
Microsoft Visual Studio Solution File, Format Version 11.00
# Visual Studio 2010
Project("{FAE04EC0-301F-11D3-BF4B-00C04F79EFBC}") = "testXLUA", "Assembly-CSharp.csproj", "{A21A20A0-73BC-99BF-81F4-B7F1F63F1034}"
EndProject
Project("{FAE04EC0-301F-11D3-BF4B-00C04F79EFBC}") = "testXLUA", "Assembly-CSharp-Editor.csproj", "{24710B9B-B8E9-5C6E-454A-20026A3EBFE7}"
EndProject
Global
	GlobalSection(SolutionConfigurationPlatforms) = preSolution
		Debug|Any CPU = Debug|Any CPU
		Release|Any CPU = Release|Any CPU
	EndGlobalSection
	GlobalSection(ProjectConfigurationPlatforms) = postSolution
		{A21A20A0-73BC-99BF-81F4-B7F1F63F1034}.Debug|Any CPU.ActiveCfg = Debug|Any CPU
		{A21A20A0-73BC-99BF-81F4-B7F1F63F1034}.Debug|Any CPU.Build.0 = Debug|Any CPU
		{A21A20A0-73BC-99BF-81F4-B7F1F63F1034}.Release|Any CPU.ActiveCfg = Release|Any CPU
		{A21A20A0-73BC-99BF-81F4-B7F1F63F1034}.Release|Any CPU.Build.0 = Release|Any CPU
		{24710B9B-B8E9-5C6E-454A-20026A3EBFE7}.Debug|Any CPU.ActiveCfg = Debug|Any CPU
		{24710B9B-B8E9-5C6E-454A-20026A3EBFE7}.Debug|Any CPU.Build.0 = Debug|Any CPU
		{24710B9B-B8E9-5C6E-454A-20026A3EBFE7}.Release|Any CPU.ActiveCfg = Release|Any CPU
		{24710B9B-B8E9-5C6E-454A-20026A3EBFE7}.Release|Any CPU.Build.0 = Release|Any CPU
	EndGlobalSection
	GlobalSection(SolutionProperties) = preSolution
		HideSolutionNode = FALSE
	EndGlobalSection
	GlobalSection(MonoDevelopProperties) = preSolution
		StartupItem = Assembly-CSharp.csproj
	EndGlobalSection
EndGlobal
